// !$*UTF8*$!
{
	archiveVersion = 1;
	classes = {
	};
	objectVersion = 46;
	objects = {

/* Begin PBXBuildFile section */
		43370030185D754100849A4E /* Foundation.framework in Frameworks */ = {isa = PBXBuildFile; fileRef = 4337002F185D754100849A4E /* Foundation.framework */; };
		43370032185D754100849A4E /* CoreGraphics.framework in Frameworks */ = {isa = PBXBuildFile; fileRef = 43370031185D754100849A4E /* CoreGraphics.framework */; };
		43370034185D754100849A4E /* UIKit.framework in Frameworks */ = {isa = PBXBuildFile; fileRef = 43370033185D754100849A4E /* UIKit.framework */; };
		4337003A185D754100849A4E /* InfoPlist.strings in Resources */ = {isa = PBXBuildFile; fileRef = 43370038185D754100849A4E /* InfoPlist.strings */; };
		4337003C185D754100849A4E /* main.m in Sources */ = {isa = PBXBuildFile; fileRef = 4337003B185D754100849A4E /* main.m */; };
		43370040185D754100849A4E /* AppDelegate.m in Sources */ = {isa = PBXBuildFile; fileRef = 4337003F185D754100849A4E /* AppDelegate.m */; };
		43370043185D754100849A4E /* Main.storyboard in Resources */ = {isa = PBXBuildFile; fileRef = 43370041185D754100849A4E /* Main.storyboard */; };
		43370046185D754100849A4E /* FirstViewController.m in Sources */ = {isa = PBXBuildFile; fileRef = 43370045185D754100849A4E /* FirstViewController.m */; };
		43370049185D754100849A4E /* SecondViewController.m in Sources */ = {isa = PBXBuildFile; fileRef = 43370048185D754100849A4E /* SecondViewController.m */; };
		4337004B185D754100849A4E /* Images.xcassets in Resources */ = {isa = PBXBuildFile; fileRef = 4337004A185D754100849A4E /* Images.xcassets */; };
		43370052185D754100849A4E /* XCTest.framework in Frameworks */ = {isa = PBXBuildFile; fileRef = 43370051185D754100849A4E /* XCTest.framework */; };
		43370053185D754100849A4E /* Foundation.framework in Frameworks */ = {isa = PBXBuildFile; fileRef = 4337002F185D754100849A4E /* Foundation.framework */; };
		43370054185D754100849A4E /* UIKit.framework in Frameworks */ = {isa = PBXBuildFile; fileRef = 43370033185D754100849A4E /* UIKit.framework */; };
		4337005C185D754100849A4E /* InfoPlist.strings in Resources */ = {isa = PBXBuildFile; fileRef = 4337005A185D754100849A4E /* InfoPlist.strings */; };
		4337005E185D754100849A4E /* TestTabAppTests.m in Sources */ = {isa = PBXBuildFile; fileRef = 4337005D185D754100849A4E /* TestTabAppTests.m */; };
/* End PBXBuildFile section */

/* Begin PBXContainerItemProxy section */
		43370055185D754100849A4E /* PBXContainerItemProxy */ = {
			isa = PBXContainerItemProxy;
			containerPortal = 43370024185D754100849A4E /* Project object */;
			proxyType = 1;
			remoteGlobalIDString = 4337002B185D754100849A4E;
			remoteInfo = TestTabApp;
		};
/* End PBXContainerItemProxy section */

/* Begin PBXFileReference section */
		4337002C185D754100849A4E /* TestTabApp.app */ = {isa = PBXFileReference; explicitFileType = wrapper.application; includeInIndex = 0; path = TestTabApp.app; sourceTree = BUILT_PRODUCTS_DIR; };
		4337002F185D754100849A4E /* Foundation.framework */ = {isa = PBXFileReference; lastKnownFileType = wrapper.framework; name = Foundation.framework; path = System/Library/Frameworks/Foundation.framework; sourceTree = SDKROOT; };
		43370031185D754100849A4E /* CoreGraphics.framework */ = {isa = PBXFileReference; lastKnownFileType = wrapper.framework; name = CoreGraphics.framework; path = System/Library/Frameworks/CoreGraphics.framework; sourceTree = SDKROOT; };
		43370033185D754100849A4E /* UIKit.framework */ = {isa = PBXFileReference; lastKnownFileType = wrapper.framework; name = UIKit.framework; path = System/Library/Frameworks/UIKit.framework; sourceTree = SDKROOT; };
		43370037185D754100849A4E /* TestTabApp-Info.plist */ = {isa = PBXFileReference; lastKnownFileType = text.plist.xml; path = "TestTabApp-Info.plist"; sourceTree = "<group>"; };
		43370039185D754100849A4E /* en */ = {isa = PBXFileReference; lastKnownFileType = text.plist.strings; name = en; path = en.lproj/InfoPlist.strings; sourceTree = "<group>"; };
		4337003B185D754100849A4E /* main.m */ = {isa = PBXFileReference; lastKnownFileType = sourcecode.c.objc; path = main.m; sourceTree = "<group>"; };
		4337003D185D754100849A4E /* TestTabApp-Prefix.pch */ = {isa = PBXFileReference; lastKnownFileType = sourcecode.c.h; path = "TestTabApp-Prefix.pch"; sourceTree = "<group>"; };
		4337003E185D754100849A4E /* AppDelegate.h */ = {isa = PBXFileReference; lastKnownFileType = sourcecode.c.h; path = AppDelegate.h; sourceTree = "<group>"; };
		4337003F185D754100849A4E /* AppDelegate.m */ = {isa = PBXFileReference; lastKnownFileType = sourcecode.c.objc; path = AppDelegate.m; sourceTree = "<group>"; };
		43370042185D754100849A4E /* Base */ = {isa = PBXFileReference; lastKnownFileType = file.storyboard; name = Base; path = Base.lproj/Main.storyboard; sourceTree = "<group>"; };
		43370044185D754100849A4E /* FirstViewController.h */ = {isa = PBXFileReference; lastKnownFileType = sourcecode.c.h; path = FirstViewController.h; sourceTree = "<group>"; };
		43370045185D754100849A4E /* FirstViewController.m */ = {isa = PBXFileReference; lastKnownFileType = sourcecode.c.objc; path = FirstViewController.m; sourceTree = "<group>"; };
		43370047185D754100849A4E /* SecondViewController.h */ = {isa = PBXFileReference; lastKnownFileType = sourcecode.c.h; path = SecondViewController.h; sourceTree = "<group>"; };
		43370048185D754100849A4E /* SecondViewController.m */ = {isa = PBXFileReference; lastKnownFileType = sourcecode.c.objc; path = SecondViewController.m; sourceTree = "<group>"; };
		4337004A185D754100849A4E /* Images.xcassets */ = {isa = PBXFileReference; lastKnownFileType = folder.assetcatalog; path = Images.xcassets; sourceTree = "<group>"; };
		43370050185D754100849A4E /* TestTabAppTests.xctest */ = {isa = PBXFileReference; explicitFileType = wrapper.cfbundle; includeInIndex = 0; path = TestTabAppTests.xctest; sourceTree = BUILT_PRODUCTS_DIR; };
		43370051185D754100849A4E /* XCTest.framework */ = {isa = PBXFileReference; lastKnownFileType = wrapper.framework; name = XCTest.framework; path = Library/Frameworks/XCTest.framework; sourceTree = DEVELOPER_DIR; };
		43370059185D754100849A4E /* TestTabAppTests-Info.plist */ = {isa = PBXFileReference; lastKnownFileType = text.plist.xml; path = "TestTabAppTests-Info.plist"; sourceTree = "<group>"; };
		4337005B185D754100849A4E /* en */ = {isa = PBXFileReference; lastKnownFileType = text.plist.strings; name = en; path = en.lproj/InfoPlist.strings; sourceTree = "<group>"; };
		4337005D185D754100849A4E /* TestTabAppTests.m */ = {isa = PBXFileReference; lastKnownFileType = sourcecode.c.objc; path = TestTabAppTests.m; sourceTree = "<group>"; };
/* End PBXFileReference section */

/* Begin PBXFrameworksBuildPhase section */
		43370029185D754100849A4E /* Frameworks */ = {
			isa = PBXFrameworksBuildPhase;
			buildActionMask = 2147483647;
			files = (
				43370032185D754100849A4E /* CoreGraphics.framework in Frameworks */,
				43370034185D754100849A4E /* UIKit.framework in Frameworks */,
				43370030185D754100849A4E /* Foundation.framework in Frameworks */,
			);
			runOnlyForDeploymentPostprocessing = 0;
		};
		4337004D185D754100849A4E /* Frameworks */ = {
			isa = PBXFrameworksBuildPhase;
			buildActionMask = 2147483647;
			files = (
				43370052185D754100849A4E /* XCTest.framework in Frameworks */,
				43370054185D754100849A4E /* UIKit.framework in Frameworks */,
				43370053185D754100849A4E /* Foundation.framework in Frameworks */,
			);
			runOnlyForDeploymentPostprocessing = 0;
		};
/* End PBXFrameworksBuildPhase section */

/* Begin PBXGroup section */
		43370023185D754100849A4E = {
			isa = PBXGroup;
			children = (
				43370035185D754100849A4E /* TestTabApp */,
				43370057185D754100849A4E /* TestTabAppTests */,
				4337002E185D754100849A4E /* Frameworks */,
				4337002D185D754100849A4E /* Products */,
			);
			sourceTree = "<group>";
		};
		4337002D185D754100849A4E /* Products */ = {
			isa = PBXGroup;
			children = (
				4337002C185D754100849A4E /* TestTabApp.app */,
				43370050185D754100849A4E /* TestTabAppTests.xctest */,
			);
			name = Products;
			sourceTree = "<group>";
		};
		4337002E185D754100849A4E /* Frameworks */ = {
			isa = PBXGroup;
			children = (
				4337002F185D754100849A4E /* Foundation.framework */,
				43370031185D754100849A4E /* CoreGraphics.framework */,
				43370033185D754100849A4E /* UIKit.framework */,
				43370051185D754100849A4E /* XCTest.framework */,
			);
			name = Frameworks;
			sourceTree = "<group>";
		};
		43370035185D754100849A4E /* TestTabApp */ = {
			isa = PBXGroup;
			children = (
				4337003E185D754100849A4E /* AppDelegate.h */,
				4337003F185D754100849A4E /* AppDelegate.m */,
				43370041185D754100849A4E /* Main.storyboard */,
				43370044185D754100849A4E /* FirstViewController.h */,
				43370045185D754100849A4E /* FirstViewController.m */,
				43370047185D754100849A4E /* SecondViewController.h */,
				43370048185D754100849A4E /* SecondViewController.m */,
				4337004A185D754100849A4E /* Images.xcassets */,
				43370036185D754100849A4E /* Supporting Files */,
			);
			path = TestTabApp;
			sourceTree = "<group>";
		};
		43370036185D754100849A4E /* Supporting Files */ = {
			isa = PBXGroup;
			children = (
				43370037185D754100849A4E /* TestTabApp-Info.plist */,
				43370038185D754100849A4E /* InfoPlist.strings */,
				4337003B185D754100849A4E /* main.m */,
				4337003D185D754100849A4E /* TestTabApp-Prefix.pch */,
			);
			name = "Supporting Files";
			sourceTree = "<group>";
		};
		43370057185D754100849A4E /* TestTabAppTests */ = {
			isa = PBXGroup;
			children = (
				4337005D185D754100849A4E /* TestTabAppTests.m */,
				43370058185D754100849A4E /* Supporting Files */,
			);
			path = TestTabAppTests;
			sourceTree = "<group>";
		};
		43370058185D754100849A4E /* Supporting Files */ = {
			isa = PBXGroup;
			children = (
				43370059185D754100849A4E /* TestTabAppTests-Info.plist */,
				4337005A185D754100849A4E /* InfoPlist.strings */,
			);
			name = "Supporting Files";
			sourceTree = "<group>";
		};
/* End PBXGroup section */

/* Begin PBXNativeTarget section */
		4337002B185D754100849A4E /* TestTabApp */ = {
			isa = PBXNativeTarget;
			buildConfigurationList = 43370061185D754100849A4E /* Build configuration list for PBXNativeTarget "TestTabApp" */;
			buildPhases = (
				43370028185D754100849A4E /* Sources */,
				43370029185D754100849A4E /* Frameworks */,
				4337002A185D754100849A4E /* Resources */,
			);
			buildRules = (
			);
			dependencies = (
			);
			name = TestTabApp;
			productName = TestTabApp;
			productReference = 4337002C185D754100849A4E /* TestTabApp.app */;
			productType = "com.apple.product-type.application";
		};
		4337004F185D754100849A4E /* TestTabAppTests */ = {
			isa = PBXNativeTarget;
			buildConfigurationList = 43370064185D754100849A4E /* Build configuration list for PBXNativeTarget "TestTabAppTests" */;
			buildPhases = (
				4337004C185D754100849A4E /* Sources */,
				4337004D185D754100849A4E /* Frameworks */,
				4337004E185D754100849A4E /* Resources */,
			);
			buildRules = (
			);
			dependencies = (
				43370056185D754100849A4E /* PBXTargetDependency */,
			);
			name = TestTabAppTests;
			productName = TestTabAppTests;
			productReference = 43370050185D754100849A4E /* TestTabAppTests.xctest */;
			productType = "com.apple.product-type.bundle.unit-test";
		};
/* End PBXNativeTarget section */

/* Begin PBXProject section */
		43370024185D754100849A4E /* Project object */ = {
			isa = PBXProject;
			attributes = {
				LastUpgradeCheck = 0500;
				ORGANIZATIONNAME = "麻野耕一";
				TargetAttributes = {
					4337004F185D754100849A4E = {
						TestTargetID = 4337002B185D754100849A4E;
					};
				};
			};
			buildConfigurationList = 43370027185D754100849A4E /* Build configuration list for PBXProject "TestTabApp" */;
			compatibilityVersion = "Xcode 3.2";
			developmentRegion = English;
			hasScannedForEncodings = 0;
			knownRegions = (
				en,
				Base,
			);
			mainGroup = 43370023185D754100849A4E;
			productRefGroup = 4337002D185D754100849A4E /* Products */;
			projectDirPath = "";
			projectRoot = "";
			targets = (
				4337002B185D754100849A4E /* TestTabApp */,
				4337004F185D754100849A4E /* TestTabAppTests */,
			);
		};
/* End PBXProject section */

/* Begin PBXResourcesBuildPhase section */
		4337002A185D754100849A4E /* Resources */ = {
			isa = PBXResourcesBuildPhase;
			buildActionMask = 2147483647;
			files = (
				4337004B185D754100849A4E /* Images.xcassets in Resources */,
				4337003A185D754100849A4E /* InfoPlist.strings in Resources */,
				43370043185D754100849A4E /* Main.storyboard in Resources */,
			);
			runOnlyForDeploymentPostprocessing = 0;
		};
		4337004E185D754100849A4E /* Resources */ = {
			isa = PBXResourcesBuildPhase;
			buildActionMask = 2147483647;
			files = (
				4337005C185D754100849A4E /* InfoPlist.strings in Resources */,
			);
			runOnlyForDeploymentPostprocessing = 0;
		};
/* End PBXResourcesBuildPhase section */

/* Begin PBXSourcesBuildPhase section */
		43370028185D754100849A4E /* Sources */ = {
			isa = PBXSourcesBuildPhase;
			buildActionMask = 2147483647;
			files = (
				43370049185D754100849A4E /* SecondViewController.m in Sources */,
				43370040185D754100849A4E /* AppDelegate.m in Sources */,
				43370046185D754100849A4E /* FirstViewController.m in Sources */,
				4337003C185D754100849A4E /* main.m in Sources */,
			);
			runOnlyForDeploymentPostprocessing = 0;
		};
		4337004C185D754100849A4E /* Sources */ = {
			isa = PBXSourcesBuildPhase;
			buildActionMask = 2147483647;
			files = (
				4337005E185D754100849A4E /* TestTabAppTests.m in Sources */,
			);
			runOnlyForDeploymentPostprocessing = 0;
		};
/* End PBXSourcesBuildPhase section */

/* Begin PBXTargetDependency section */
		43370056185D754100849A4E /* PBXTargetDependency */ = {
			isa = PBXTargetDependency;
			target = 4337002B185D754100849A4E /* TestTabApp */;
			targetProxy = 43370055185D754100849A4E /* PBXContainerItemProxy */;
		};
/* End PBXTargetDependency section */

/* Begin PBXVariantGroup section */
		43370038185D754100849A4E /* InfoPlist.strings */ = {
			isa = PBXVariantGroup;
			children = (
				43370039185D754100849A4E /* en */,
			);
			name = InfoPlist.strings;
			sourceTree = "<group>";
		};
		43370041185D754100849A4E /* Main.storyboard */ = {
			isa = PBXVariantGroup;
			children = (
				43370042185D754100849A4E /* Base */,
			);
			name = Main.storyboard;
			sourceTree = "<group>";
		};
		4337005A185D754100849A4E /* InfoPlist.strings */ = {
			isa = PBXVariantGroup;
			children = (
				4337005B185D754100849A4E /* en */,
			);
			name = InfoPlist.strings;
			sourceTree = "<group>";
		};
/* End PBXVariantGroup section */

/* Begin XCBuildConfiguration section */
		4337005F185D754100849A4E /* Debug */ = {
			isa = XCBuildConfiguration;
			buildSettings = {
				ALWAYS_SEARCH_USER_PATHS = NO;
				ARCHS = "$(ARCHS_STANDARD_INCLUDING_64_BIT)";
				CLANG_CXX_LANGUAGE_STANDARD = "gnu++0x";
				CLANG_CXX_LIBRARY = "libc++";
				CLANG_ENABLE_MODULES = YES;
				CLANG_ENABLE_OBJC_ARC = YES;
				CLANG_WARN_BOOL_CONVERSION = YES;
				CLANG_WARN_CONSTANT_CONVERSION = YES;
				CLANG_WARN_DIRECT_OBJC_ISA_USAGE = YES_ERROR;
				CLANG_WARN_EMPTY_BODY = YES;
				CLANG_WARN_ENUM_CONVERSION = YES;
				CLANG_WARN_INT_CONVERSION = YES;
				CLANG_WARN_OBJC_ROOT_CLASS = YES_ERROR;
				CLANG_WARN__DUPLICATE_METHOD_MATCH = YES;
				"CODE_SIGN_IDENTITY[sdk=iphoneos*]" = "iPhone Developer";
				COPY_PHASE_STRIP = NO;
				GCC_C_LANGUAGE_STANDARD = gnu99;
				GCC_DYNAMIC_NO_PIC = NO;
				GCC_OPTIMIZATION_LEVEL = 0;
				GCC_PREPROCESSOR_DEFINITIONS = (
					"DEBUG=1",
					"$(inherited)",
				);
				GCC_SYMBOLS_PRIVATE_EXTERN = NO;
				GCC_WARN_64_TO_32_BIT_CONVERSION = YES;
				GCC_WARN_ABOUT_RETURN_TYPE = YES_ERROR;
				GCC_WARN_UNDECLARED_SELECTOR = YES;
				GCC_WARN_UNINITIALIZED_AUTOS = YES;
				GCC_WARN_UNUSED_FUNCTION = YES;
				GCC_WARN_UNUSED_VARIABLE = YES;
				IPHONEOS_DEPLOYMENT_TARGET = 7.0;
				ONLY_ACTIVE_ARCH = YES;
				SDKROOT = iphoneos;
				TARGETED_DEVICE_FAMILY = 2;
			};
			name = Debug;
		};
		43370060185D754100849A4E /* Release */ = {
			isa = XCBuildConfiguration;
			buildSettings = {
				ALWAYS_SEARCH_USER_PATHS = NO;
				ARCHS = "$(ARCHS_STANDARD_INCLUDING_64_BIT)";
				CLANG_CXX_LANGUAGE_STANDARD = "gnu++0x";
				CLANG_CXX_LIBRARY = "libc++";
				CLANG_ENABLE_MODULES = YES;
				CLANG_ENABLE_OBJC_ARC = YES;
				CLANG_WARN_BOOL_CONVERSION = YES;
				CLANG_WARN_CONSTANT_CONVERSION = YES;
				CLANG_WARN_DIRECT_OBJC_ISA_USAGE = YES_ERROR;
				CLANG_WARN_EMPTY_BODY = YES;
				CLANG_WARN_ENUM_CONVERSION = YES;
				CLANG_WARN_INT_CONVERSION = YES;
				CLANG_WARN_OBJC_ROOT_CLASS = YES_ERROR;
				CLANG_WARN__DUPLICATE_METHOD_MATCH = YES;
				"CODE_SIGN_IDENTITY[sdk=iphoneos*]" = "iPhone Developer";
				COPY_PHASE_STRIP = YES;
				ENABLE_NS_ASSERTIONS = NO;
				GCC_C_LANGUAGE_STANDARD = gnu99;
				GCC_WARN_64_TO_32_BIT_CONVERSION = YES;
				GCC_WARN_ABOUT_RETURN_TYPE = YES_ERROR;
				GCC_WARN_UNDECLARED_SELECTOR = YES;
				GCC_WARN_UNINITIALIZED_AUTOS = YES;
				GCC_WARN_UNUSED_FUNCTION = YES;
				GCC_WARN_UNUSED_VARIABLE = YES;
				IPHONEOS_DEPLOYMENT_TARGET = 7.0;
				SDKROOT = iphoneos;
				TARGETED_DEVICE_FAMILY = 2;
				VALIDATE_PRODUCT = YES;
			};
			name = Release;
		};
		43370062185D754100849A4E /* Debug */ = {
			isa = XCBuildConfiguration;
			buildSettings = {
				ASSETCATALOG_COMPILER_APPICON_NAME = AppIcon;
				ASSETCATALOG_COMPILER_LAUNCHIMAGE_NAME = LaunchImage;
				GCC_PRECOMPILE_PREFIX_HEADER = YES;
				GCC_PREFIX_HEADER = "TestTabApp/TestTabApp-Prefix.pch";
				INFOPLIST_FILE = "TestTabApp/TestTabApp-Info.plist";
				PRODUCT_NAME = "$(TARGET_NAME)";
				WRAPPER_EXTENSION = app;
			};
			name = Debug;
		};
		43370063185D754100849A4E /* Release */ = {
			isa = XCBuildConfiguration;
			buildSettings = {
				ASSETCATALOG_COMPILER_APPICON_NAME = AppIcon;
				ASSETCATALOG_COMPILER_LAUNCHIMAGE_NAME = LaunchImage;
				GCC_PRECOMPILE_PREFIX_HEADER = YES;
				GCC_PREFIX_HEADER = "TestTabApp/TestTabApp-Prefix.pch";
				INFOPLIST_FILE = "TestTabApp/TestTabApp-Info.plist";
				PRODUCT_NAME = "$(TARGET_NAME)";
				WRAPPER_EXTENSION = app;
			};
			name = Release;
		};
		43370065185D754100849A4E /* Debug */ = {
			isa = XCBuildConfiguration;
			buildSettings = {
				ARCHS = "$(ARCHS_STANDARD_INCLUDING_64_BIT)";
				BUNDLE_LOADER = "$(BUILT_PRODUCTS_DIR)/TestTabApp.app/TestTabApp";
				FRAMEWORK_SEARCH_PATHS = (
					"$(SDKROOT)/Developer/Library/Frameworks",
					"$(inherited)",
					"$(DEVELOPER_FRAMEWORKS_DIR)",
				);
				GCC_PRECOMPILE_PREFIX_HEADER = YES;
				GCC_PREFIX_HEADER = "TestTabApp/TestTabApp-Prefix.pch";
				GCC_PREPROCESSOR_DEFINITIONS = (
					"DEBUG=1",
					"$(inherited)",
				);
				INFOPLIST_FILE = "TestTabAppTests/TestTabAppTests-Info.plist";
				PRODUCT_NAME = "$(TARGET_NAME)";
				TEST_HOST = "$(BUNDLE_LOADER)";
				WRAPPER_EXTENSION = xctest;
			};
			name = Debug;
		};
		43370066185D754100849A4E /* Release */ = {
			isa = XCBuildConfiguration;
			buildSettings = {
				ARCHS = "$(ARCHS_STANDARD_INCLUDING_64_BIT)";
				BUNDLE_LOADER = "$(BUILT_PRODUCTS_DIR)/TestTabApp.app/TestTabApp";
				FRAMEWORK_SEARCH_PATHS = (
					"$(SDKROOT)/Developer/Library/Frameworks",
					"$(inherited)",
					"$(DEVELOPER_FRAMEWORKS_DIR)",
				);
				GCC_PRECOMPILE_PREFIX_HEADER = YES;
				GCC_PREFIX_HEADER = "TestTabApp/TestTabApp-Prefix.pch";
				INFOPLIST_FILE = "TestTabAppTests/TestTabAppTests-Info.plist";
				PRODUCT_NAME = "$(TARGET_NAME)";
				TEST_HOST = "$(BUNDLE_LOADER)";
				WRAPPER_EXTENSION = xctest;
			};
			name = Release;
		};
/* End XCBuildConfiguration section */

/* Begin XCConfigurationList section */
		43370027185D754100849A4E /* Build configuration list for PBXProject "TestTabApp" */ = {
			isa = XCConfigurationList;
			buildConfigurations = (
				4337005F185D754100849A4E /* Debug */,
				43370060185D754100849A4E /* Release */,
			);
			defaultConfigurationIsVisible = 0;
			defaultConfigurationName = Release;
		};
		43370061185D754100849A4E /* Build configuration list for PBXNativeTarget "TestTabApp" */ = {
			isa = XCConfigurationList;
			buildConfigurations = (
				43370062185D754100849A4E /* Debug */,
				43370063185D754100849A4E /* Release */,
			);
			defaultConfigurationIsVisible = 0;
		};
		43370064185D754100849A4E /* Build configuration list for PBXNativeTarget "TestTabAppTests" */ = {
			isa = XCConfigurationList;
			buildConfigurations = (
				43370065185D754100849A4E /* Debug */,
				43370066185D754100849A4E /* Release */,
			);
			defaultConfigurationIsVisible = 0;
		};
/* End XCConfigurationList section */
	};
	rootObject = 43370024185D754100849A4E /* Project object */;
}
